
Microsoft Visual Studio Solution File, Format Version 12.00
# Visual Studio Version 17
VisualStudioVersion = 17.9.34728.123
MinimumVisualStudioVersion = 10.0.40219.1
Project("{9A19103F-16F7-4668-BE54-9A1E7A4F7556}") = "Tools", "Tools\Tools.csproj", "{F3352C37-3D97-4A71-AB66-B14561209CAD}"
EndProject
Project("{9A19103F-16F7-4668-BE54-9A1E7A4F7556}") = "Tests", "Tests\Tests.csproj", "{80BC49B4-CD5C-4262-A214-43C1798A5E4F}"
EndProject
Project("{9A19103F-16F7-4668-BE54-9A1E7A4F7556}") = "Core", "Core\Core.csproj", "{49F709B6-4B45-45B0-BBD0-5BB9B97F7FD7}"
EndProject
Project("{2150E333-8FDC-42A3-9474-1A3956D46DE8}") = "Docs", "Docs", "{AA2FA5BD-9A05-4E2E-8120-5BA886CBBDE0}"
EndProject
Global
	GlobalSection(SolutionConfigurationPlatforms) = preSolution
		Debug|Any CPU = Debug|Any CPU
		Release|Any CPU = Release|Any CPU
	EndGlobalSection
	GlobalSection(ProjectConfigurationPlatforms) = postSolution
		{F3352C37-3D97-4A71-AB66-B14561209CAD}.Debug|Any CPU.ActiveCfg = Debug|Any CPU
		{F3352C37-3D97-4A71-AB66-B14561209CAD}.Debug|Any CPU.Build.0 = Debug|Any CPU
		{F3352C37-3D97-4A71-AB66-B14561209CAD}.Release|Any CPU.ActiveCfg = Release|Any CPU
		{F3352C37-3D97-4A71-AB66-B14561209CAD}.Release|Any CPU.Build.0 = Release|Any CPU
		{80BC49B4-CD5C-4262-A214-43C1798A5E4F}.Debug|Any CPU.ActiveCfg = Debug|Any CPU
		{80BC49B4-CD5C-4262-A214-43C1798A5E4F}.Debug|Any CPU.Build.0 = Debug|Any CPU
		{80BC49B4-CD5C-4262-A214-43C1798A5E4F}.Release|Any CPU.ActiveCfg = Release|Any CPU
		{80BC49B4-CD5C-4262-A214-43C1798A5E4F}.Release|Any CPU.Build.0 = Release|Any CPU
		{49F709B6-4B45-45B0-BBD0-5BB9B97F7FD7}.Debug|Any CPU.ActiveCfg = Debug|Any CPU
		{49F709B6-4B45-45B0-BBD0-5BB9B97F7FD7}.Debug|Any CPU.Build.0 = Debug|Any CPU
		{49F709B6-4B45-45B0-BBD0-5BB9B97F7FD7}.Release|Any CPU.ActiveCfg = Release|Any CPU
		{49F709B6-4B45-45B0-BBD0-5BB9B97F7FD7}.Release|Any CPU.Build.0 = Release|Any CPU
	EndGlobalSection
	GlobalSection(SolutionProperties) = preSolution
		HideSolutionNode = FALSE
	EndGlobalSection
	GlobalSection(ExtensibilityGlobals) = postSolution
		SolutionGuid = {8DC56632-AAC1-4384-B29B-98AC3D218D07}
	EndGlobalSection
EndGlobal
